// !$*UTF8*$!
{
	archiveVersion = 1;
	classes = {
	};
	objectVersion = 54;
	objects = {

/* Begin PBXBuildFile section */
		40500F775C2ADFA06F6BEC1B /* Pods_CCCanvas_Triangle_Swift.framework in Frameworks */ = {isa = PBXBuildFile; fileRef = 3F2F970BEE2D33B512C92635 /* Pods_CCCanvas_Triangle_Swift.framework */; };
		4294EBD826C7A02500E420D7 /* AppDelegate.swift in Sources */ = {isa = PBXBuildFile; fileRef = 4294EBD726C7A02500E420D7 /* AppDelegate.swift */; };
		4294EBDA26C7A02500E420D7 /* SceneDelegate.swift in Sources */ = {isa = PBXBuildFile; fileRef = 4294EBD926C7A02500E420D7 /* SceneDelegate.swift */; };
		4294EBDC26C7A02500E420D7 /* ViewController.swift in Sources */ = {isa = PBXBuildFile; fileRef = 4294EBDB26C7A02500E420D7 /* ViewController.swift */; };
		4294EBDF26C7A02500E420D7 /* Main.storyboard in Resources */ = {isa = PBXBuildFile; fileRef = 4294EBDD26C7A02500E420D7 /* Main.storyboard */; };
		4294EBE126C7A02600E420D7 /* Assets.xcassets in Resources */ = {isa = PBXBuildFile; fileRef = 4294EBE026C7A02600E420D7 /* Assets.xcassets */; };
		4294EBE426C7A02600E420D7 /* LaunchScreen.storyboard in Resources */ = {isa = PBXBuildFile; fileRef = 4294EBE226C7A02600E420D7 /* LaunchScreen.storyboard */; };
/* End PBXBuildFile section */

/* Begin PBXFileReference section */
		3F2F970BEE2D33B512C92635 /* Pods_CCCanvas_Triangle_Swift.framework */ = {isa = PBXFileReference; explicitFileType = wrapper.framework; includeInIndex = 0; path = Pods_CCCanvas_Triangle_Swift.framework; sourceTree = BUILT_PRODUCTS_DIR; };
		4294EBD426C7A02500E420D7 /* CCCanvas.Triangle.Swift.app */ = {isa = PBXFileReference; explicitFileType = wrapper.application; includeInIndex = 0; path = CCCanvas.Triangle.Swift.app; sourceTree = BUILT_PRODUCTS_DIR; };
		4294EBD726C7A02500E420D7 /* AppDelegate.swift */ = {isa = PBXFileReference; lastKnownFileType = sourcecode.swift; path = AppDelegate.swift; sourceTree = "<group>"; };
		4294EBD926C7A02500E420D7 /* SceneDelegate.swift */ = {isa = PBXFileReference; lastKnownFileType = sourcecode.swift; path = SceneDelegate.swift; sourceTree = "<group>"; };
		4294EBDB26C7A02500E420D7 /* ViewController.swift */ = {isa = PBXFileReference; lastKnownFileType = sourcecode.swift; path = ViewController.swift; sourceTree = "<group>"; };
		4294EBDE26C7A02500E420D7 /* Base */ = {isa = PBXFileReference; lastKnownFileType = file.storyboard; name = Base; path = Base.lproj/Main.storyboard; sourceTree = "<group>"; };
		4294EBE026C7A02600E420D7 /* Assets.xcassets */ = {isa = PBXFileReference; lastKnownFileType = folder.assetcatalog; path = Assets.xcassets; sourceTree = "<group>"; };
		4294EBE326C7A02600E420D7 /* Base */ = {isa = PBXFileReference; lastKnownFileType = file.storyboard; name = Base; path = Base.lproj/LaunchScreen.storyboard; sourceTree = "<group>"; };
		4294EBE526C7A02600E420D7 /* Info.plist */ = {isa = PBXFileReference; lastKnownFileType = text.plist.xml; path = Info.plist; sourceTree = "<group>"; };
		712FF338995BD3D7FDD5E661 /* Pods-CCCanvas.Triangle.Swift.release.xcconfig */ = {isa = PBXFileReference; includeInIndex = 1; lastKnownFileType = text.xcconfig; name = "Pods-CCCanvas.Triangle.Swift.release.xcconfig"; path = "Target Support Files/Pods-CCCanvas.Triangle.Swift/Pods-CCCanvas.Triangle.Swift.release.xcconfig"; sourceTree = "<group>"; };
		BEC339AD68EFD81021FD32D5 /* Pods-CCCanvas.Triangle.Swift.debug.xcconfig */ = {isa = PBXFileReference; includeInIndex = 1; lastKnownFileType = text.xcconfig; name = "Pods-CCCanvas.Triangle.Swift.debug.xcconfig"; path = "Target Support Files/Pods-CCCanvas.Triangle.Swift/Pods-CCCanvas.Triangle.Swift.debug.xcconfig"; sourceTree = "<group>"; };
/* End PBXFileReference section */

/* Begin PBXFrameworksBuildPhase section */
		4294EBD126C7A02500E420D7 /* Frameworks */ = {
			isa = PBXFrameworksBuildPhase;
			buildActionMask = 2147483647;
			files = (
				40500F775C2ADFA06F6BEC1B /* Pods_CCCanvas_Triangle_Swift.framework in Frameworks */,
			);
			runOnlyForDeploymentPostprocessing = 0;
		};
/* End PBXFrameworksBuildPhase section */

/* Begin PBXGroup section */
		129AF76B4696313B40CB42DC /* Frameworks */ = {
			isa = PBXGroup;
			children = (
				3F2F970BEE2D33B512C92635 /* Pods_CCCanvas_Triangle_Swift.framework */,
			);
			name = Frameworks;
			sourceTree = "<group>";
		};
		4294EBCB26C7A02500E420D7 = {
			isa = PBXGroup;
			children = (
				4294EBD626C7A02500E420D7 /* CCCanvas.Triangle.Swift */,
				4294EBD526C7A02500E420D7 /* Products */,
				BEAB3FB7243F7CE2BD92267F /* Pods */,
				129AF76B4696313B40CB42DC /* Frameworks */,
			);
			sourceTree = "<group>";
		};
		4294EBD526C7A02500E420D7 /* Products */ = {
			isa = PBXGroup;
			children = (
				4294EBD426C7A02500E420D7 /* CCCanvas.Triangle.Swift.app */,
			);
			name = Products;
			sourceTree = "<group>";
		};
		4294EBD626C7A02500E420D7 /* CCCanvas.Triangle.Swift */ = {
			isa = PBXGroup;
			children = (
				4294EBD726C7A02500E420D7 /* AppDelegate.swift */,
				4294EBD926C7A02500E420D7 /* SceneDelegate.swift */,
				4294EBDB26C7A02500E420D7 /* ViewController.swift */,
				4294EBDD26C7A02500E420D7 /* Main.storyboard */,
				4294EBE026C7A02600E420D7 /* Assets.xcassets */,
				4294EBE226C7A02600E420D7 /* LaunchScreen.storyboard */,
				4294EBE526C7A02600E420D7 /* Info.plist */,
			);
			path = CCCanvas.Triangle.Swift;
			sourceTree = "<group>";
		};
		BEAB3FB7243F7CE2BD92267F /* Pods */ = {
			isa = PBXGroup;
			children = (
				BEC339AD68EFD81021FD32D5 /* Pods-CCCanvas.Triangle.Swift.debug.xcconfig */,
				712FF338995BD3D7FDD5E661 /* Pods-CCCanvas.Triangle.Swift.release.xcconfig */,
			);
			path = Pods;
			sourceTree = "<group>";
		};
/* End PBXGroup section */

/* Begin PBXNativeTarget section */
		4294EBD326C7A02500E420D7 /* CCCanvas.Triangle.Swift */ = {
			isa = PBXNativeTarget;
			buildConfigurationList = 4294EBE826C7A02600E420D7 /* Build configuration list for PBXNativeTarget "CCCanvas.Triangle.Swift" */;
			buildPhases = (
				7B3997DE49B7E6B35F07A846 /* [CP] Check Pods Manifest.lock */,
				4294EBD026C7A02500E420D7 /* Sources */,
				4294EBD126C7A02500E420D7 /* Frameworks */,
				4294EBD226C7A02500E420D7 /* Resources */,
				50AC46B7BCF6573AE34DB34C /* [CP] Embed Pods Frameworks */,
			);
			buildRules = (
			);
			dependencies = (
			);
			name = CCCanvas.Triangle.Swift;
			productName = CCCanvas.Triangle.Swift;
			productReference = 4294EBD426C7A02500E420D7 /* CCCanvas.Triangle.Swift.app */;
			productType = "com.apple.product-type.application";
		};
/* End PBXNativeTarget section */

/* Begin PBXProject section */
		4294EBCC26C7A02500E420D7 /* Project object */ = {
			isa = PBXProject;
			attributes = {
				BuildIndependentTargetsInParallel = 1;
				CLASSPREFIX = CC;
				LastSwiftUpdateCheck = 1300;
				LastUpgradeCheck = 1300;
				ORGANIZATIONNAME = "CC (deng you hua | cworld1000@gmail.com)";
				TargetAttributes = {
					4294EBD326C7A02500E420D7 = {
						CreatedOnToolsVersion = 13.0;
					};
				};
			};
			buildConfigurationList = 4294EBCF26C7A02500E420D7 /* Build configuration list for PBXProject "CCCanvas.Triangle.Swift" */;
			compatibilityVersion = "Xcode 12.0";
			developmentRegion = en;
			hasScannedForEncodings = 0;
			knownRegions = (
				en,
				Base,
			);
			mainGroup = 4294EBCB26C7A02500E420D7;
			productRefGroup = 4294EBD526C7A02500E420D7 /* Products */;
			projectDirPath = "";
			projectRoot = "";
			targets = (
				4294EBD326C7A02500E420D7 /* CCCanvas.Triangle.Swift */,
			);
		};
/* End PBXProject section */

/* Begin PBXResourcesBuildPhase section */
		4294EBD226C7A02500E420D7 /* Resources */ = {
			isa = PBXResourcesBuildPhase;
			buildActionMask = 2147483647;
			files = (
				4294EBE426C7A02600E420D7 /* LaunchScreen.storyboard in Resources */,
				4294EBE126C7A02600E420D7 /* Assets.xcassets in Resources */,
				4294EBDF26C7A02500E420D7 /* Main.storyboard in Resources */,
			);
			runOnlyForDeploymentPostprocessing = 0;
		};
/* End PBXResourcesBuildPhase section */

/* Begin PBXShellScriptBuildPhase section */
		50AC46B7BCF6573AE34DB34C /* [CP] Embed Pods Frameworks */ = {
			isa = PBXShellScriptBuildPhase;
			buildActionMask = 2147483647;
			files = (
			);
			inputFileListPaths = (
				"${PODS_ROOT}/Target Support Files/Pods-CCCanvas.Triangle.Swift/Pods-CCCanvas.Triangle.Swift-frameworks-${CONFIGURATION}-input-files.xcfilelist",
			);
			name = "[CP] Embed Pods Frameworks";
			outputFileListPaths = (
				"${PODS_ROOT}/Target Support Files/Pods-CCCanvas.Triangle.Swift/Pods-CCCanvas.Triangle.Swift-frameworks-${CONFIGURATION}-output-files.xcfilelist",
			);
			runOnlyForDeploymentPostprocessing = 0;
			shellPath = /bin/sh;
			shellScript = "\"${PODS_ROOT}/Target Support Files/Pods-CCCanvas.Triangle.Swift/Pods-CCCanvas.Triangle.Swift-frameworks.sh\"\n";
			showEnvVarsInLog = 0;
		};
		7B3997DE49B7E6B35F07A846 /* [CP] Check Pods Manifest.lock */ = {
			isa = PBXShellScriptBuildPhase;
			buildActionMask = 2147483647;
			files = (
			);
			inputFileListPaths = (
			);
			inputPaths = (
				"${PODS_PODFILE_DIR_PATH}/Podfile.lock",
				"${PODS_ROOT}/Manifest.lock",
			);
			name = "[CP] Check Pods Manifest.lock";
			outputFileListPaths = (
			);
			outputPaths = (
				"$(DERIVED_FILE_DIR)/Pods-CCCanvas.Triangle.Swift-checkManifestLockResult.txt",
			);
			runOnlyForDeploymentPostprocessing = 0;
			shellPath = /bin/sh;
			shellScript = "diff \"${PODS_PODFILE_DIR_PATH}/Podfile.lock\" \"${PODS_ROOT}/Manifest.lock\" > /dev/null\nif [ $? != 0 ] ; then\n    # print error to STDERR\n    echo \"error: The sandbox is not in sync with the Podfile.lock. Run 'pod install' or update your CocoaPods installation.\" >&2\n    exit 1\nfi\n# This output is used by Xcode 'outputs' to avoid re-running this script phase.\necho \"SUCCESS\" > \"${SCRIPT_OUTPUT_FILE_0}\"\n";
			showEnvVarsInLog = 0;
		};
/* End PBXShellScriptBuildPhase section */

/* Begin PBXSourcesBuildPhase section */
		4294EBD026C7A02500E420D7 /* Sources */ = {
			isa = PBXSourcesBuildPhase;
			buildActionMask = 2147483647;
			files = (
				4294EBDC26C7A02500E420D7 /* ViewController.swift in Sources */,
				4294EBD826C7A02500E420D7 /* AppDelegate.swift in Sources */,
				4294EBDA26C7A02500E420D7 /* SceneDelegate.swift in Sources */,
			);
			runOnlyForDeploymentPostprocessing = 0;
		};
/* End PBXSourcesBuildPhase section */

/* Begin PBXVariantGroup section */
		4294EBDD26C7A02500E420D7 /* Main.storyboard */ = {
			isa = PBXVariantGroup;
			children = (
				4294EBDE26C7A02500E420D7 /* Base */,
			);
			name = Main.storyboard;
			sourceTree = "<group>";
		};
		4294EBE226C7A02600E420D7 /* LaunchScreen.storyboard */ = {
			isa = PBXVariantGroup;
			children = (
				4294EBE326C7A02600E420D7 /* Base */,
			);
			name = LaunchScreen.storyboard;
			sourceTree = "<group>";
		};
/* End PBXVariantGroup section */

/* Begin XCBuildConfiguration section */
		4294EBE626C7A02600E420D7 /* Debug */ = {
			isa = XCBuildConfiguration;
			buildSettings = {
				ALWAYS_SEARCH_USER_PATHS = NO;
				CLANG_ANALYZER_NONNULL = YES;
				CLANG_ANALYZER_NUMBER_OBJECT_CONVERSION = YES_AGGRESSIVE;
				CLANG_CXX_LANGUAGE_STANDARD = "gnu++14";
				CLANG_CXX_LIBRARY = "libc++";
				CLANG_ENABLE_MODULES = YES;
				CLANG_ENABLE_OBJC_ARC = YES;
				CLANG_ENABLE_OBJC_WEAK = YES;
				CLANG_WARN_BLOCK_CAPTURE_AUTORELEASING = YES;
				CLANG_WARN_BOOL_CONVERSION = YES;
				CLANG_WARN_COMMA = YES;
				CLANG_WARN_CONSTANT_CONVERSION = YES;
				CLANG_WARN_DEPRECATED_OBJC_IMPLEMENTATIONS = YES;
				CLANG_WARN_DIRECT_OBJC_ISA_USAGE = YES_ERROR;
				CLANG_WARN_DOCUMENTATION_COMMENTS = YES;
				CLANG_WARN_EMPTY_BODY = YES;
				CLANG_WARN_ENUM_CONVERSION = YES;
				CLANG_WARN_INFINITE_RECURSION = YES;
				CLANG_WARN_INT_CONVERSION = YES;
				CLANG_WARN_NON_LITERAL_NULL_CONVERSION = YES;
				CLANG_WARN_OBJC_IMPLICIT_RETAIN_SELF = YES;
				CLANG_WARN_OBJC_LITERAL_CONVERSION = YES;
				CLANG_WARN_OBJC_ROOT_CLASS = YES_ERROR;
				CLANG_WARN_QUOTED_INCLUDE_IN_FRAMEWORK_HEADER = YES;
				CLANG_WARN_RANGE_LOOP_ANALYSIS = YES;
				CLANG_WARN_STRICT_PROTOTYPES = YES;
				CLANG_WARN_SUSPICIOUS_MOVE = YES;
				CLANG_WARN_UNGUARDED_AVAILABILITY = YES_AGGRESSIVE;
				CLANG_WARN_UNREACHABLE_CODE = YES;
				CLANG_WARN__DUPLICATE_METHOD_MATCH = YES;
				COPY_PHASE_STRIP = NO;
				DEBUG_INFORMATION_FORMAT = dwarf;
				ENABLE_STRICT_OBJC_MSGSEND = YES;
				ENABLE_TESTABILITY = YES;
				GCC_C_LANGUAGE_STANDARD = gnu11;
				GCC_DYNAMIC_NO_PIC = NO;
				GCC_NO_COMMON_BLOCKS = YES;
				GCC_OPTIMIZATION_LEVEL = 0;
				GCC_PREPROCESSOR_DEFINITIONS = (
					"DEBUG=1",
					"$(inherited)",
				);
				GCC_WARN_64_TO_32_BIT_CONVERSION = YES;
				GCC_WARN_ABOUT_RETURN_TYPE = YES_ERROR;
				GCC_WARN_UNDECLARED_SELECTOR = YES;
				GCC_WARN_UNINITIALIZED_AUTOS = YES_AGGRESSIVE;
				GCC_WARN_UNUSED_FUNCTION = YES;
				GCC_WARN_UNUSED_VARIABLE = YES;
				IPHONEOS_DEPLOYMENT_TARGET = 15.0;
				MTL_ENABLE_DEBUG_INFO = INCLUDE_SOURCE;
				MTL_FAST_MATH = YES;
				ONLY_ACTIVE_ARCH = YES;
				SDKROOT = iphoneos;
				SWIFT_ACTIVE_COMPILATION_CONDITIONS = DEBUG;
				SWIFT_OPTIMIZATION_LEVEL = "-Onone";
			};
			name = Debug;
		};
		4294EBE726C7A02600E420D7 /* Release */ = {
			isa = XCBuildConfiguration;
			buildSettings = {
				ALWAYS_SEARCH_USER_PATHS = NO;
				CLANG_ANALYZER_NONNULL = YES;
				CLANG_ANALYZER_NUMBER_OBJECT_CONVERSION = YES_AGGRESSIVE;
				CLANG_CXX_LANGUAGE_STANDARD = "gnu++14";
				CLANG_CXX_LIBRARY = "libc++";
				CLANG_ENABLE_MODULES = YES;
				CLANG_ENABLE_OBJC_ARC = YES;
				CLANG_ENABLE_OBJC_WEAK = YES;
				CLANG_WARN_BLOCK_CAPTURE_AUTORELEASING = YES;
				CLANG_WARN_BOOL_CONVERSION = YES;
				CLANG_WARN_COMMA = YES;
				CLANG_WARN_CONSTANT_CONVERSION = YES;
				CLANG_WARN_DEPRECATED_OBJC_IMPLEMENTATIONS = YES;
				CLANG_WARN_DIRECT_OBJC_ISA_USAGE = YES_ERROR;
				CLANG_WARN_DOCUMENTATION_COMMENTS = YES;
				CLANG_WARN_EMPTY_BODY = YES;
				CLANG_WARN_ENUM_CONVERSION = YES;
				CLANG_WARN_INFINITE_RECURSION = YES;
				CLANG_WARN_INT_CONVERSION = YES;
				CLANG_WARN_NON_LITERAL_NULL_CONVERSION = YES;
				CLANG_WARN_OBJC_IMPLICIT_RETAIN_SELF = YES;
				CLANG_WARN_OBJC_LITERAL_CONVERSION = YES;
				CLANG_WARN_OBJC_ROOT_CLASS = YES_ERROR;
				CLANG_WARN_QUOTED_INCLUDE_IN_FRAMEWORK_HEADER = YES;
				CLANG_WARN_RANGE_LOOP_ANALYSIS = YES;
				CLANG_WARN_STRICT_PROTOTYPES = YES;
				CLANG_WARN_SUSPICIOUS_MOVE = YES;
				CLANG_WARN_UNGUARDED_AVAILABILITY = YES_AGGRESSIVE;
				CLANG_WARN_UNREACHABLE_CODE = YES;
				CLANG_WARN__DUPLICATE_METHOD_MATCH = YES;
				COPY_PHASE_STRIP = NO;
				DEBUG_INFORMATION_FORMAT = "dwarf-with-dsym";
				ENABLE_NS_ASSERTIONS = NO;
				ENABLE_STRICT_OBJC_MSGSEND = YES;
				GCC_C_LANGUAGE_STANDARD = gnu11;
				GCC_NO_COMMON_BLOCKS = YES;
				GCC_WARN_64_TO_32_BIT_CONVERSION = YES;
				GCC_WARN_ABOUT_RETURN_TYPE = YES_ERROR;
				GCC_WARN_UNDECLARED_SELECTOR = YES;
				GCC_WARN_UNINITIALIZED_AUTOS = YES_AGGRESSIVE;
				GCC_WARN_UNUSED_FUNCTION = YES;
				GCC_WARN_UNUSED_VARIABLE = YES;
				IPHONEOS_DEPLOYMENT_TARGET = 15.0;
				MTL_ENABLE_DEBUG_INFO = NO;
				MTL_FAST_MATH = YES;
				SDKROOT = iphoneos;
				SWIFT_COMPILATION_MODE = wholemodule;
				SWIFT_OPTIMIZATION_LEVEL = "-O";
				VALIDATE_PRODUCT = YES;
			};
			name = Release;
		};
		4294EBE926C7A02600E420D7 /* Debug */ = {
			isa = XCBuildConfiguration;
			baseConfigurationReference = BEC339AD68EFD81021FD32D5 /* Pods-CCCanvas.Triangle.Swift.debug.xcconfig */;
			buildSettings = {
				ASSETCATALOG_COMPILER_APPICON_NAME = AppIcon;
				ASSETCATALOG_COMPILER_GLOBAL_ACCENT_COLOR_NAME = AccentColor;
				CODE_SIGN_STYLE = Automatic;
				CURRENT_PROJECT_VERSION = 1;
				GENERATE_INFOPLIST_FILE = YES;
				INFOPLIST_FILE = CCCanvas.Triangle.Swift/Info.plist;
				INFOPLIST_KEY_UIApplicationSupportsIndirectInputEvents = YES;
				INFOPLIST_KEY_UILaunchStoryboardName = LaunchScreen;
				INFOPLIST_KEY_UIMainStoryboardFile = Main;
				INFOPLIST_KEY_UISupportedInterfaceOrientations_iPad = "UIInterfaceOrientationPortrait UIInterfaceOrientationPortraitUpsideDown UIInterfaceOrientationLandscapeLeft UIInterfaceOrientationLandscapeRight";
				INFOPLIST_KEY_UISupportedInterfaceOrientations_iPhone = "UIInterfaceOrientationPortrait UIInterfaceOrientationLandscapeLeft UIInterfaceOrientationLandscapeRight";
				LD_RUNPATH_SEARCH_PATHS = (
					"$(inherited)",
					"@executable_path/Frameworks",
				);
				MARKETING_VERSION = 1.0;
				PRODUCT_BUNDLE_IDENTIFIER = "com.cc.CCCanvas-Triangle-Swift";
				PRODUCT_NAME = "$(TARGET_NAME)";
				SWIFT_EMIT_LOC_STRINGS = YES;
				SWIFT_VERSION = 5.0;
				TARGETED_DEVICE_FAMILY = "1,2";
			};
			name = Debug;
		};
		4294EBEA26C7A02600E420D7 /* Release */ = {
			isa = XCBuildConfiguration;
			baseConfigurationReference = 712FF338995BD3D7FDD5E661 /* Pods-CCCanvas.Triangle.Swift.release.xcconfig */;
			buildSettings = {
				ASSETCATALOG_COMPILER_APPICON_NAME = AppIcon;
				ASSETCATALOG_COMPILER_GLOBAL_ACCENT_COLOR_NAME = AccentColor;
				CODE_SIGN_STYLE = Automatic;
				CURRENT_PROJECT_VERSION = 1;
				GENERATE_INFOPLIST_FILE = YES;
				INFOPLIST_FILE = CCCanvas.Triangle.Swift/Info.plist;
				INFOPLIST_KEY_UIApplicationSupportsIndirectInputEvents = YES;
				INFOPLIST_KEY_UILaunchStoryboardName = LaunchScreen;
				INFOPLIST_KEY_UIMainStoryboardFile = Main;
				INFOPLIST_KEY_UISupportedInterfaceOrientations_iPad = "UIInterfaceOrientationPortrait UIInterfaceOrientationPortraitUpsideDown UIInterfaceOrientationLandscapeLeft UIInterfaceOrientationLandscapeRight";
				INFOPLIST_KEY_UISupportedInterfaceOrientations_iPhone = "UIInterfaceOrientationPortrait UIInterfaceOrientationLandscapeLeft UIInterfaceOrientationLandscapeRight";
				LD_RUNPATH_SEARCH_PATHS = (
					"$(inherited)",
					"@executable_path/Frameworks",
				);
				MARKETING_VERSION = 1.0;
				PRODUCT_BUNDLE_IDENTIFIER = "com.cc.CCCanvas-Triangle-Swift";
				PRODUCT_NAME = "$(TARGET_NAME)";
				SWIFT_EMIT_LOC_STRINGS = YES;
				SWIFT_VERSION = 5.0;
				TARGETED_DEVICE_FAMILY = "1,2";
			};
			name = Release;
		};
/* End XCBuildConfiguration section */

/* Begin XCConfigurationList section */
		4294EBCF26C7A02500E420D7 /* Build configuration list for PBXProject "CCCanvas.Triangle.Swift" */ = {
			isa = XCConfigurationList;
			buildConfigurations = (
				4294EBE626C7A02600E420D7 /* Debug */,
				4294EBE726C7A02600E420D7 /* Release */,
			);
			defaultConfigurationIsVisible = 0;
			defaultConfigurationName = Release;
		};
		4294EBE826C7A02600E420D7 /* Build configuration list for PBXNativeTarget "CCCanvas.Triangle.Swift" */ = {
			isa = XCConfigurationList;
			buildConfigurations = (
				4294EBE926C7A02600E420D7 /* Debug */,
				4294EBEA26C7A02600E420D7 /* Release */,
			);
			defaultConfigurationIsVisible = 0;
			defaultConfigurationName = Release;
		};
/* End XCConfigurationList section */
	};
	rootObject = 4294EBCC26C7A02500E420D7 /* Project object */;
}
