// !$*UTF8*$!
{
	archiveVersion = 1;
	classes = {
	};
	objectVersion = 46;
	objects = {

/* Begin PBXBuildFile section */
		249FD85035C34EBFBA4AD349 /* ViewController.m in Sources */ = {isa = PBXBuildFile; fileRef = 50B4E482B74604793245E8AA /* ViewController.m */; };
		3BC11D5781684E8BA16A44D9 /* LaunchScreen.storyboard in Sources */ = {isa = PBXBuildFile; fileRef = D38876FB5D4F17F1A77495E9 /* LaunchScreen.storyboard */; };
		526A7404FEC711DF73FEB403 /* Assets.xcassets in Sources */ = {isa = PBXBuildFile; fileRef = 4BE42DFFEE4FC13F6AEDCC80 /* Assets.xcassets */; };
		62B088089D2CF7794BFDA69A /* Foundation.framework in Frameworks */ = {isa = PBXBuildFile; fileRef = 904DFEFB6C424A15382D9B94 /* Foundation.framework */; };
		6AAB8DCA7F05D40810B8C87E /* main.m in Sources */ = {isa = PBXBuildFile; fileRef = 34F4BBF404861605D23AF394 /* main.m */; };
		6FB5C2060DE983651A5B6D72 /* Main.storyboard in Sources */ = {isa = PBXBuildFile; fileRef = 7D82A567644A6B79B9CE9138 /* Main.storyboard */; };
		847213907C8DE41A8D8F589A /* AppDelegate.m in Sources */ = {isa = PBXBuildFile; fileRef = 8A3084E481708D88BA0E1635 /* AppDelegate.m */; };
		E70391B2A1B5224C50615E77 /* SceneDelegate.m in Sources */ = {isa = PBXBuildFile; fileRef = 012B35121D5BB252EB976141 /* SceneDelegate.m */; };
/* End PBXBuildFile section */

/* Begin PBXFileReference section */
		012B35121D5BB252EB976141 /* SceneDelegate.m */ = {isa = PBXFileReference; includeInIndex = 1; lastKnownFileType = sourcecode.c.objc; path = SceneDelegate.m; sourceTree = "<group>"; };
		0B4B6066CB3DE494B59630AE /* SceneDelegate.h */ = {isa = PBXFileReference; includeInIndex = 1; lastKnownFileType = sourcecode.c.h; path = SceneDelegate.h; sourceTree = "<group>"; };
		34F4BBF404861605D23AF394 /* main.m */ = {isa = PBXFileReference; includeInIndex = 1; lastKnownFileType = sourcecode.c.objc; path = main.m; sourceTree = "<group>"; };
		4BE42DFFEE4FC13F6AEDCC80 /* Assets.xcassets */ = {isa = PBXFileReference; includeInIndex = 1; lastKnownFileType = folder.assetcatalog; path = Assets.xcassets; sourceTree = "<group>"; };
		50B4E482B74604793245E8AA /* ViewController.m */ = {isa = PBXFileReference; includeInIndex = 1; lastKnownFileType = sourcecode.c.objc; path = ViewController.m; sourceTree = "<group>"; };
		675DC625370F203641F5AEF8 /* CCCanvas.Triangle.OC.app */ = {isa = PBXFileReference; explicitFileType = wrapper.application; includeInIndex = 0; path = CCCanvas.Triangle.OC.app; sourceTree = BUILT_PRODUCTS_DIR; };
		753306E646C9A5CE896C5780 /* ViewController.h */ = {isa = PBXFileReference; includeInIndex = 1; lastKnownFileType = sourcecode.c.h; path = ViewController.h; sourceTree = "<group>"; };
		7D82A567644A6B79B9CE9138 /* Main.storyboard */ = {isa = PBXFileReference; includeInIndex = 1; lastKnownFileType = file.storyboard; name = Main.storyboard; path = Base.lproj/Main.storyboard; sourceTree = "<group>"; };
		8A3084E481708D88BA0E1635 /* AppDelegate.m */ = {isa = PBXFileReference; includeInIndex = 1; lastKnownFileType = sourcecode.c.objc; path = AppDelegate.m; sourceTree = "<group>"; };
		904DFEFB6C424A15382D9B94 /* Foundation.framework */ = {isa = PBXFileReference; lastKnownFileType = wrapper.framework; name = Foundation.framework; path = Platforms/iPhoneOS.platform/Developer/SDKs/iPhoneOS14.0.sdk/System/Library/Frameworks/Foundation.framework; sourceTree = DEVELOPER_DIR; };
		D38876FB5D4F17F1A77495E9 /* LaunchScreen.storyboard */ = {isa = PBXFileReference; includeInIndex = 1; lastKnownFileType = file.storyboard; name = LaunchScreen.storyboard; path = Base.lproj/LaunchScreen.storyboard; sourceTree = "<group>"; };
		DD8FBBA16B57F6DBC390C5F5 /* Info.plist */ = {isa = PBXFileReference; includeInIndex = 1; lastKnownFileType = text.plist.xml; path = Info.plist; sourceTree = "<group>"; };
		FD6B051C8EF267FF4E1916A5 /* AppDelegate.h */ = {isa = PBXFileReference; includeInIndex = 1; lastKnownFileType = sourcecode.c.h; path = AppDelegate.h; sourceTree = "<group>"; };
/* End PBXFileReference section */

/* Begin PBXFrameworksBuildPhase section */
		637AF13AC66F86A94BB2E62E /* Frameworks */ = {
			isa = PBXFrameworksBuildPhase;
			buildActionMask = 2147483647;
			files = (
				62B088089D2CF7794BFDA69A /* Foundation.framework in Frameworks */,
			);
			runOnlyForDeploymentPostprocessing = 0;
		};
/* End PBXFrameworksBuildPhase section */

/* Begin PBXGroup section */
		23C5213C346984C871246344 = {
			isa = PBXGroup;
			children = (
				A536C741A39A4813C5298358 /* Products */,
				64DC4532813F20B73FC6DA5D /* Frameworks */,
				EE51FAE74EB5E67ACE6507EE /* CCCanvas.Triangle.OC */,
			);
			sourceTree = "<group>";
		};
		3C36C3ADCE2FA42109957730 /* iOS */ = {
			isa = PBXGroup;
			children = (
				904DFEFB6C424A15382D9B94 /* Foundation.framework */,
			);
			name = iOS;
			sourceTree = "<group>";
		};
		64DC4532813F20B73FC6DA5D /* Frameworks */ = {
			isa = PBXGroup;
			children = (
				3C36C3ADCE2FA42109957730 /* iOS */,
			);
			name = Frameworks;
			sourceTree = "<group>";
		};
		A536C741A39A4813C5298358 /* Products */ = {
			isa = PBXGroup;
			children = (
				675DC625370F203641F5AEF8 /* CCCanvas.Triangle.OC.app */,
			);
			name = Products;
			sourceTree = "<group>";
		};
		EE51FAE74EB5E67ACE6507EE /* CCCanvas.Triangle.OC */ = {
			isa = PBXGroup;
			children = (
				FD6B051C8EF267FF4E1916A5 /* AppDelegate.h */,
				8A3084E481708D88BA0E1635 /* AppDelegate.m */,
				0B4B6066CB3DE494B59630AE /* SceneDelegate.h */,
				012B35121D5BB252EB976141 /* SceneDelegate.m */,
				753306E646C9A5CE896C5780 /* ViewController.h */,
				50B4E482B74604793245E8AA /* ViewController.m */,
				7D82A567644A6B79B9CE9138 /* Main.storyboard */,
				4BE42DFFEE4FC13F6AEDCC80 /* Assets.xcassets */,
				D38876FB5D4F17F1A77495E9 /* LaunchScreen.storyboard */,
				DD8FBBA16B57F6DBC390C5F5 /* Info.plist */,
				34F4BBF404861605D23AF394 /* main.m */,
			);
			name = CCCanvas.Triangle.OC;
			path = CCCanvas.Triangle.OC;
			sourceTree = "<group>";
		};
/* End PBXGroup section */

/* Begin PBXNativeTarget section */
		0E7D5999209B8143A8A4954F /* CCCanvas.Triangle.OC */ = {
			isa = PBXNativeTarget;
			buildConfigurationList = 5071EAB9150098628B299D14 /* Build configuration list for PBXNativeTarget "CCCanvas.Triangle.OC" */;
			buildPhases = (
				EFE62A95B0CD3728D1B7EBDF /* Sources */,
				637AF13AC66F86A94BB2E62E /* Frameworks */,
				239D6D4386BF5C351F2847D0 /* Resources */,
			);
			buildRules = (
			);
			dependencies = (
			);
			name = CCCanvas.Triangle.OC;
			productName = CCCanvas.Triangle.OC;
			productReference = 675DC625370F203641F5AEF8 /* CCCanvas.Triangle.OC.app */;
			productType = "com.apple.product-type.application";
		};
/* End PBXNativeTarget section */

/* Begin PBXProject section */
		40F66C6ADE9C59319469BE99 /* Project object */ = {
			isa = PBXProject;
			attributes = {
				CLASSPREFIX = CC;
				LastSwiftUpdateCheck = 1240;
				LastUpgradeCheck = 1240;
				ORGANIZATIONNAME = "CC (deng you hua | cworld1000@gmail.com)";
			};
			buildConfigurationList = 861E68A78E9A172B7E7E7CB6 /* Build configuration list for PBXProject "CCCanvas.Triangle.OC" */;
			compatibilityVersion = "Xcode 3.2";
			developmentRegion = en;
			hasScannedForEncodings = 0;
			knownRegions = (
				en,
				Base,
			);
			mainGroup = 23C5213C346984C871246344;
			productRefGroup = A536C741A39A4813C5298358 /* Products */;
			projectDirPath = "";
			projectRoot = "";
			targets = (
				0E7D5999209B8143A8A4954F /* CCCanvas.Triangle.OC */,
			);
		};
/* End PBXProject section */

/* Begin PBXResourcesBuildPhase section */
		239D6D4386BF5C351F2847D0 /* Resources */ = {
			isa = PBXResourcesBuildPhase;
			buildActionMask = 2147483647;
			files = (
			);
			runOnlyForDeploymentPostprocessing = 0;
		};
/* End PBXResourcesBuildPhase section */

/* Begin PBXSourcesBuildPhase section */
		EFE62A95B0CD3728D1B7EBDF /* Sources */ = {
			isa = PBXSourcesBuildPhase;
			buildActionMask = 2147483647;
			files = (
				847213907C8DE41A8D8F589A /* AppDelegate.m in Sources */,
				E70391B2A1B5224C50615E77 /* SceneDelegate.m in Sources */,
				249FD85035C34EBFBA4AD349 /* ViewController.m in Sources */,
				6FB5C2060DE983651A5B6D72 /* Main.storyboard in Sources */,
				526A7404FEC711DF73FEB403 /* Assets.xcassets in Sources */,
				3BC11D5781684E8BA16A44D9 /* LaunchScreen.storyboard in Sources */,
				6AAB8DCA7F05D40810B8C87E /* main.m in Sources */,
			);
			runOnlyForDeploymentPostprocessing = 0;
		};
/* End PBXSourcesBuildPhase section */

/* Begin XCBuildConfiguration section */
		0145C950878833BE7711281C /* Release */ = {
			isa = XCBuildConfiguration;
			buildSettings = {
				ALWAYS_SEARCH_USER_PATHS = NO;
				CLANG_ANALYZER_NONNULL = YES;
				CLANG_ANALYZER_NUMBER_OBJECT_CONVERSION = YES_AGGRESSIVE;
				CLANG_CXX_LANGUAGE_STANDARD = "gnu++14";
				CLANG_CXX_LIBRARY = "libc++";
				CLANG_ENABLE_MODULES = YES;
				CLANG_ENABLE_OBJC_ARC = YES;
				CLANG_ENABLE_OBJC_WEAK = YES;
				CLANG_WARN_BLOCK_CAPTURE_AUTORELEASING = YES;
				CLANG_WARN_BOOL_CONVERSION = YES;
				CLANG_WARN_COMMA = YES;
				CLANG_WARN_CONSTANT_CONVERSION = YES;
				CLANG_WARN_DEPRECATED_OBJC_IMPLEMENTATIONS = YES;
				CLANG_WARN_DIRECT_OBJC_ISA_USAGE = YES_ERROR;
				CLANG_WARN_DOCUMENTATION_COMMENTS = YES;
				CLANG_WARN_EMPTY_BODY = YES;
				CLANG_WARN_ENUM_CONVERSION = YES;
				CLANG_WARN_INFINITE_RECURSION = YES;
				CLANG_WARN_INT_CONVERSION = YES;
				CLANG_WARN_NON_LITERAL_NULL_CONVERSION = YES;
				CLANG_WARN_OBJC_IMPLICIT_RETAIN_SELF = YES;
				CLANG_WARN_OBJC_LITERAL_CONVERSION = YES;
				CLANG_WARN_OBJC_ROOT_CLASS = YES_ERROR;
				CLANG_WARN_QUOTED_INCLUDE_IN_FRAMEWORK_HEADER = YES;
				CLANG_WARN_RANGE_LOOP_ANALYSIS = YES;
				CLANG_WARN_STRICT_PROTOTYPES = YES;
				CLANG_WARN_SUSPICIOUS_MOVE = YES;
				CLANG_WARN_UNGUARDED_AVAILABILITY = YES_AGGRESSIVE;
				CLANG_WARN_UNREACHABLE_CODE = YES;
				CLANG_WARN__DUPLICATE_METHOD_MATCH = YES;
				COPY_PHASE_STRIP = NO;
				DEBUG_INFORMATION_FORMAT = "dwarf-with-dsym";
				ENABLE_NS_ASSERTIONS = NO;
				ENABLE_STRICT_OBJC_MSGSEND = YES;
				GCC_C_LANGUAGE_STANDARD = gnu11;
				GCC_NO_COMMON_BLOCKS = YES;
				GCC_WARN_64_TO_32_BIT_CONVERSION = YES;
				GCC_WARN_ABOUT_RETURN_TYPE = YES_ERROR;
				GCC_WARN_UNDECLARED_SELECTOR = YES;
				GCC_WARN_UNINITIALIZED_AUTOS = YES_AGGRESSIVE;
				GCC_WARN_UNUSED_FUNCTION = YES;
				GCC_WARN_UNUSED_VARIABLE = YES;
				MTL_ENABLE_DEBUG_INFO = NO;
				MTL_FAST_MATH = YES;
				PRODUCT_NAME = "$(TARGET_NAME)";
				SWIFT_COMPILATION_MODE = wholemodule;
				SWIFT_OPTIMIZATION_LEVEL = "-O";
				SWIFT_VERSION = 5.0;
			};
			name = Release;
		};
		604226EB2206ACA6A6AC0691 /* Debug */ = {
			isa = XCBuildConfiguration;
			buildSettings = {
				ASSETCATALOG_COMPILER_APPICON_NAME = AppIcon;
				ASSETCATALOG_COMPILER_GLOBAL_ACCENT_COLOR_NAME = AccentColor;
				CLANG_ENABLE_OBJC_WEAK = NO;
				CURRENT_PROJECT_VERSION = 1;
				GENERATE_INFOPLIST_FILE = YES;
				INFOPLIST_FILE = CCCanvas.Triangle.OC/Info.plist;
				INFOPLIST_KEY_UILaunchStoryboardName = LaunchScreen;
				INFOPLIST_KEY_UIMainStoryboardFile = Main;
				INFOPLIST_KEY_UISupportedInterfaceOrientations_iPad = "UIInterfaceOrientationPortrait UIInterfaceOrientationPortraitUpsideDown UIInterfaceOrientationLandscapeLeft UIInterfaceOrientationLandscapeRight";
				INFOPLIST_KEY_UISupportedInterfaceOrientations_iPhone = "UIInterfaceOrientationPortrait UIInterfaceOrientationLandscapeLeft UIInterfaceOrientationLandscapeRight";
				IPHONEOS_DEPLOYMENT_TARGET = 10.0;
				LD_RUNPATH_SEARCH_PATHS = "$(inherited) @executable_path/Frameworks";
				MARKETING_VERSION = 1.0;
				PRODUCT_BUNDLE_IDENTIFIER = "com.cc.CCCanvas-Triangle.OC";
				SDKROOT = iphoneos;
				TARGETED_DEVICE_FAMILY = "1,2";
			};
			name = Debug;
		};
		72B7A1DDAA3A1210E67923B4 /* Debug */ = {
			isa = XCBuildConfiguration;
			buildSettings = {
				ALWAYS_SEARCH_USER_PATHS = NO;
				CLANG_ANALYZER_NONNULL = YES;
				CLANG_ANALYZER_NUMBER_OBJECT_CONVERSION = YES_AGGRESSIVE;
				CLANG_CXX_LANGUAGE_STANDARD = "gnu++14";
				CLANG_CXX_LIBRARY = "libc++";
				CLANG_ENABLE_MODULES = YES;
				CLANG_ENABLE_OBJC_ARC = YES;
				CLANG_ENABLE_OBJC_WEAK = YES;
				CLANG_WARN_BLOCK_CAPTURE_AUTORELEASING = YES;
				CLANG_WARN_BOOL_CONVERSION = YES;
				CLANG_WARN_COMMA = YES;
				CLANG_WARN_CONSTANT_CONVERSION = YES;
				CLANG_WARN_DEPRECATED_OBJC_IMPLEMENTATIONS = YES;
				CLANG_WARN_DIRECT_OBJC_ISA_USAGE = YES_ERROR;
				CLANG_WARN_DOCUMENTATION_COMMENTS = YES;
				CLANG_WARN_EMPTY_BODY = YES;
				CLANG_WARN_ENUM_CONVERSION = YES;
				CLANG_WARN_INFINITE_RECURSION = YES;
				CLANG_WARN_INT_CONVERSION = YES;
				CLANG_WARN_NON_LITERAL_NULL_CONVERSION = YES;
				CLANG_WARN_OBJC_IMPLICIT_RETAIN_SELF = YES;
				CLANG_WARN_OBJC_LITERAL_CONVERSION = YES;
				CLANG_WARN_OBJC_ROOT_CLASS = YES_ERROR;
				CLANG_WARN_QUOTED_INCLUDE_IN_FRAMEWORK_HEADER = YES;
				CLANG_WARN_RANGE_LOOP_ANALYSIS = YES;
				CLANG_WARN_STRICT_PROTOTYPES = YES;
				CLANG_WARN_SUSPICIOUS_MOVE = YES;
				CLANG_WARN_UNGUARDED_AVAILABILITY = YES_AGGRESSIVE;
				CLANG_WARN_UNREACHABLE_CODE = YES;
				CLANG_WARN__DUPLICATE_METHOD_MATCH = YES;
				COPY_PHASE_STRIP = NO;
				DEBUG_INFORMATION_FORMAT = dwarf;
				ENABLE_STRICT_OBJC_MSGSEND = YES;
				ENABLE_TESTABILITY = YES;
				GCC_C_LANGUAGE_STANDARD = gnu11;
				GCC_DYNAMIC_NO_PIC = NO;
				GCC_NO_COMMON_BLOCKS = YES;
				GCC_OPTIMIZATION_LEVEL = 0;
				GCC_PREPROCESSOR_DEFINITIONS = (
					"DEBUG=1",
					"$(inherited)",
				);
				GCC_WARN_64_TO_32_BIT_CONVERSION = YES;
				GCC_WARN_ABOUT_RETURN_TYPE = YES_ERROR;
				GCC_WARN_UNDECLARED_SELECTOR = YES;
				GCC_WARN_UNINITIALIZED_AUTOS = YES_AGGRESSIVE;
				GCC_WARN_UNUSED_FUNCTION = YES;
				GCC_WARN_UNUSED_VARIABLE = YES;
				MTL_ENABLE_DEBUG_INFO = INCLUDE_SOURCE;
				MTL_FAST_MATH = YES;
				ONLY_ACTIVE_ARCH = YES;
				PRODUCT_NAME = "$(TARGET_NAME)";
				SWIFT_ACTIVE_COMPILATION_CONDITIONS = DEBUG;
				SWIFT_OPTIMIZATION_LEVEL = "-Onone";
				SWIFT_VERSION = 5.0;
			};
			name = Debug;
		};
		EC332ED2995808E3A0E7028D /* Release */ = {
			isa = XCBuildConfiguration;
			buildSettings = {
				ASSETCATALOG_COMPILER_APPICON_NAME = AppIcon;
				ASSETCATALOG_COMPILER_GLOBAL_ACCENT_COLOR_NAME = AccentColor;
				CLANG_ENABLE_OBJC_WEAK = NO;
				CURRENT_PROJECT_VERSION = 1;
				GENERATE_INFOPLIST_FILE = YES;
				INFOPLIST_FILE = CCCanvas.Triangle.OC/Info.plist;
				INFOPLIST_KEY_UILaunchStoryboardName = LaunchScreen;
				INFOPLIST_KEY_UIMainStoryboardFile = Main;
				INFOPLIST_KEY_UISupportedInterfaceOrientations_iPad = "UIInterfaceOrientationPortrait UIInterfaceOrientationPortraitUpsideDown UIInterfaceOrientationLandscapeLeft UIInterfaceOrientationLandscapeRight";
				INFOPLIST_KEY_UISupportedInterfaceOrientations_iPhone = "UIInterfaceOrientationPortrait UIInterfaceOrientationLandscapeLeft UIInterfaceOrientationLandscapeRight";
				IPHONEOS_DEPLOYMENT_TARGET = 10.0;
				LD_RUNPATH_SEARCH_PATHS = "$(inherited) @executable_path/Frameworks";
				MARKETING_VERSION = 1.0;
				PRODUCT_BUNDLE_IDENTIFIER = "com.cc.CCCanvas-Triangle.OC";
				SDKROOT = iphoneos;
				TARGETED_DEVICE_FAMILY = "1,2";
				VALIDATE_PRODUCT = YES;
			};
			name = Release;
		};
/* End XCBuildConfiguration section */

/* Begin XCConfigurationList section */
		5071EAB9150098628B299D14 /* Build configuration list for PBXNativeTarget "CCCanvas.Triangle.OC" */ = {
			isa = XCConfigurationList;
			buildConfigurations = (
				EC332ED2995808E3A0E7028D /* Release */,
				604226EB2206ACA6A6AC0691 /* Debug */,
			);
			defaultConfigurationIsVisible = 0;
			defaultConfigurationName = Release;
		};
		861E68A78E9A172B7E7E7CB6 /* Build configuration list for PBXProject "CCCanvas.Triangle.OC" */ = {
			isa = XCConfigurationList;
			buildConfigurations = (
				72B7A1DDAA3A1210E67923B4 /* Debug */,
				0145C950878833BE7711281C /* Release */,
			);
			defaultConfigurationIsVisible = 0;
			defaultConfigurationName = Release;
		};
/* End XCConfigurationList section */
	};
	rootObject = 40F66C6ADE9C59319469BE99 /* Project object */;
}
