// !$*UTF8*$!
{
	archiveVersion = 1;
	classes = {
	};
	objectVersion = 54;
	objects = {

/* Begin PBXBuildFile section */
		4294EBB426C79FC900E420D7 /* AppDelegate.m in Sources */ = {isa = PBXBuildFile; fileRef = 4294EBB326C79FC900E420D7 /* AppDelegate.m */; };
		4294EBB726C79FC900E420D7 /* SceneDelegate.m in Sources */ = {isa = PBXBuildFile; fileRef = 4294EBB626C79FC900E420D7 /* SceneDelegate.m */; };
		4294EBBA26C79FC900E420D7 /* ViewController.m in Sources */ = {isa = PBXBuildFile; fileRef = 4294EBB926C79FC900E420D7 /* ViewController.m */; };
		4294EBBD26C79FC900E420D7 /* Main.storyboard in Resources */ = {isa = PBXBuildFile; fileRef = 4294EBBB26C79FC900E420D7 /* Main.storyboard */; };
		4294EBBF26C79FCA00E420D7 /* Assets.xcassets in Resources */ = {isa = PBXBuildFile; fileRef = 4294EBBE26C79FCA00E420D7 /* Assets.xcassets */; };
		4294EBC226C79FCA00E420D7 /* LaunchScreen.storyboard in Resources */ = {isa = PBXBuildFile; fileRef = 4294EBC026C79FCA00E420D7 /* LaunchScreen.storyboard */; };
		4294EBC526C79FCA00E420D7 /* main.m in Sources */ = {isa = PBXBuildFile; fileRef = 4294EBC426C79FCA00E420D7 /* main.m */; };
		F01769757AC5BAF51D9E95E2 /* Pods_CCCanvas_Triangle_OC.framework in Frameworks */ = {isa = PBXBuildFile; fileRef = 66B37B8AE20BA2AD69EDD89F /* Pods_CCCanvas_Triangle_OC.framework */; };
/* End PBXBuildFile section */

/* Begin PBXFileReference section */
		3C58EF11588228389444A85C /* Pods-CCCanvas.Triangle.OC.release.xcconfig */ = {isa = PBXFileReference; includeInIndex = 1; lastKnownFileType = text.xcconfig; name = "Pods-CCCanvas.Triangle.OC.release.xcconfig"; path = "Target Support Files/Pods-CCCanvas.Triangle.OC/Pods-CCCanvas.Triangle.OC.release.xcconfig"; sourceTree = "<group>"; };
		4294EBAF26C79FC900E420D7 /* CCCanvas.Triangle.OC.app */ = {isa = PBXFileReference; explicitFileType = wrapper.application; includeInIndex = 0; path = CCCanvas.Triangle.OC.app; sourceTree = BUILT_PRODUCTS_DIR; };
		4294EBB226C79FC900E420D7 /* AppDelegate.h */ = {isa = PBXFileReference; lastKnownFileType = sourcecode.c.h; path = AppDelegate.h; sourceTree = "<group>"; };
		4294EBB326C79FC900E420D7 /* AppDelegate.m */ = {isa = PBXFileReference; lastKnownFileType = sourcecode.c.objc; path = AppDelegate.m; sourceTree = "<group>"; };
		4294EBB526C79FC900E420D7 /* SceneDelegate.h */ = {isa = PBXFileReference; lastKnownFileType = sourcecode.c.h; path = SceneDelegate.h; sourceTree = "<group>"; };
		4294EBB626C79FC900E420D7 /* SceneDelegate.m */ = {isa = PBXFileReference; lastKnownFileType = sourcecode.c.objc; path = SceneDelegate.m; sourceTree = "<group>"; };
		4294EBB826C79FC900E420D7 /* ViewController.h */ = {isa = PBXFileReference; lastKnownFileType = sourcecode.c.h; path = ViewController.h; sourceTree = "<group>"; };
		4294EBB926C79FC900E420D7 /* ViewController.m */ = {isa = PBXFileReference; lastKnownFileType = sourcecode.c.objc; path = ViewController.m; sourceTree = "<group>"; };
		4294EBBC26C79FC900E420D7 /* Base */ = {isa = PBXFileReference; lastKnownFileType = file.storyboard; name = Base; path = Base.lproj/Main.storyboard; sourceTree = "<group>"; };
		4294EBBE26C79FCA00E420D7 /* Assets.xcassets */ = {isa = PBXFileReference; lastKnownFileType = folder.assetcatalog; path = Assets.xcassets; sourceTree = "<group>"; };
		4294EBC126C79FCA00E420D7 /* Base */ = {isa = PBXFileReference; lastKnownFileType = file.storyboard; name = Base; path = Base.lproj/LaunchScreen.storyboard; sourceTree = "<group>"; };
		4294EBC326C79FCA00E420D7 /* Info.plist */ = {isa = PBXFileReference; lastKnownFileType = text.plist.xml; path = Info.plist; sourceTree = "<group>"; };
		4294EBC426C79FCA00E420D7 /* main.m */ = {isa = PBXFileReference; lastKnownFileType = sourcecode.c.objc; path = main.m; sourceTree = "<group>"; };
		66B37B8AE20BA2AD69EDD89F /* Pods_CCCanvas_Triangle_OC.framework */ = {isa = PBXFileReference; explicitFileType = wrapper.framework; includeInIndex = 0; path = Pods_CCCanvas_Triangle_OC.framework; sourceTree = BUILT_PRODUCTS_DIR; };
		DA8EE8D26D3C0458BE12306E /* Pods-CCCanvas.Triangle.OC.debug.xcconfig */ = {isa = PBXFileReference; includeInIndex = 1; lastKnownFileType = text.xcconfig; name = "Pods-CCCanvas.Triangle.OC.debug.xcconfig"; path = "Target Support Files/Pods-CCCanvas.Triangle.OC/Pods-CCCanvas.Triangle.OC.debug.xcconfig"; sourceTree = "<group>"; };
/* End PBXFileReference section */

/* Begin PBXFrameworksBuildPhase section */
		4294EBAC26C79FC900E420D7 /* Frameworks */ = {
			isa = PBXFrameworksBuildPhase;
			buildActionMask = 2147483647;
			files = (
				F01769757AC5BAF51D9E95E2 /* Pods_CCCanvas_Triangle_OC.framework in Frameworks */,
			);
			runOnlyForDeploymentPostprocessing = 0;
		};
/* End PBXFrameworksBuildPhase section */

/* Begin PBXGroup section */
		0DD8DD9F1643273ABF40BEE5 /* Pods */ = {
			isa = PBXGroup;
			children = (
				DA8EE8D26D3C0458BE12306E /* Pods-CCCanvas.Triangle.OC.debug.xcconfig */,
				3C58EF11588228389444A85C /* Pods-CCCanvas.Triangle.OC.release.xcconfig */,
			);
			path = Pods;
			sourceTree = "<group>";
		};
		4294EBA626C79FC900E420D7 = {
			isa = PBXGroup;
			children = (
				4294EBB126C79FC900E420D7 /* CCCanvas.Triangle.OC */,
				4294EBB026C79FC900E420D7 /* Products */,
				0DD8DD9F1643273ABF40BEE5 /* Pods */,
				F315FAC85C0CB05F8AA16F7C /* Frameworks */,
			);
			sourceTree = "<group>";
		};
		4294EBB026C79FC900E420D7 /* Products */ = {
			isa = PBXGroup;
			children = (
				4294EBAF26C79FC900E420D7 /* CCCanvas.Triangle.OC.app */,
			);
			name = Products;
			sourceTree = "<group>";
		};
		4294EBB126C79FC900E420D7 /* CCCanvas.Triangle.OC */ = {
			isa = PBXGroup;
			children = (
				4294EBB226C79FC900E420D7 /* AppDelegate.h */,
				4294EBB326C79FC900E420D7 /* AppDelegate.m */,
				4294EBB526C79FC900E420D7 /* SceneDelegate.h */,
				4294EBB626C79FC900E420D7 /* SceneDelegate.m */,
				4294EBB826C79FC900E420D7 /* ViewController.h */,
				4294EBB926C79FC900E420D7 /* ViewController.m */,
				4294EBBB26C79FC900E420D7 /* Main.storyboard */,
				4294EBBE26C79FCA00E420D7 /* Assets.xcassets */,
				4294EBC026C79FCA00E420D7 /* LaunchScreen.storyboard */,
				4294EBC326C79FCA00E420D7 /* Info.plist */,
				4294EBC426C79FCA00E420D7 /* main.m */,
			);
			path = CCCanvas.Triangle.OC;
			sourceTree = "<group>";
		};
		F315FAC85C0CB05F8AA16F7C /* Frameworks */ = {
			isa = PBXGroup;
			children = (
				66B37B8AE20BA2AD69EDD89F /* Pods_CCCanvas_Triangle_OC.framework */,
			);
			name = Frameworks;
			sourceTree = "<group>";
		};
/* End PBXGroup section */

/* Begin PBXNativeTarget section */
		4294EBAE26C79FC900E420D7 /* CCCanvas.Triangle.OC */ = {
			isa = PBXNativeTarget;
			buildConfigurationList = 4294EBC826C79FCA00E420D7 /* Build configuration list for PBXNativeTarget "CCCanvas.Triangle.OC" */;
			buildPhases = (
				734AF3C98B8A3E7D3C87D40C /* [CP] Check Pods Manifest.lock */,
				4294EBAB26C79FC900E420D7 /* Sources */,
				4294EBAC26C79FC900E420D7 /* Frameworks */,
				4294EBAD26C79FC900E420D7 /* Resources */,
				971A0D33BA39FECBA0EE3FE8 /* [CP] Embed Pods Frameworks */,
			);
			buildRules = (
			);
			dependencies = (
			);
			name = CCCanvas.Triangle.OC;
			productName = CCCanvas.Triangle.OC;
			productReference = 4294EBAF26C79FC900E420D7 /* CCCanvas.Triangle.OC.app */;
			productType = "com.apple.product-type.application";
		};
/* End PBXNativeTarget section */

/* Begin PBXProject section */
		4294EBA726C79FC900E420D7 /* Project object */ = {
			isa = PBXProject;
			attributes = {
				BuildIndependentTargetsInParallel = 1;
				CLASSPREFIX = CC;
				LastUpgradeCheck = 1300;
				ORGANIZATIONNAME = "CC (deng you hua | cworld1000@gmail.com)";
				TargetAttributes = {
					4294EBAE26C79FC900E420D7 = {
						CreatedOnToolsVersion = 13.0;
					};
				};
			};
			buildConfigurationList = 4294EBAA26C79FC900E420D7 /* Build configuration list for PBXProject "CCCanvas.Triangle.OC" */;
			compatibilityVersion = "Xcode 12.0";
			developmentRegion = en;
			hasScannedForEncodings = 0;
			knownRegions = (
				en,
				Base,
			);
			mainGroup = 4294EBA626C79FC900E420D7;
			productRefGroup = 4294EBB026C79FC900E420D7 /* Products */;
			projectDirPath = "";
			projectRoot = "";
			targets = (
				4294EBAE26C79FC900E420D7 /* CCCanvas.Triangle.OC */,
			);
		};
/* End PBXProject section */

/* Begin PBXResourcesBuildPhase section */
		4294EBAD26C79FC900E420D7 /* Resources */ = {
			isa = PBXResourcesBuildPhase;
			buildActionMask = 2147483647;
			files = (
				4294EBC226C79FCA00E420D7 /* LaunchScreen.storyboard in Resources */,
				4294EBBF26C79FCA00E420D7 /* Assets.xcassets in Resources */,
				4294EBBD26C79FC900E420D7 /* Main.storyboard in Resources */,
			);
			runOnlyForDeploymentPostprocessing = 0;
		};
/* End PBXResourcesBuildPhase section */

/* Begin PBXShellScriptBuildPhase section */
		734AF3C98B8A3E7D3C87D40C /* [CP] Check Pods Manifest.lock */ = {
			isa = PBXShellScriptBuildPhase;
			buildActionMask = 2147483647;
			files = (
			);
			inputFileListPaths = (
			);
			inputPaths = (
				"${PODS_PODFILE_DIR_PATH}/Podfile.lock",
				"${PODS_ROOT}/Manifest.lock",
			);
			name = "[CP] Check Pods Manifest.lock";
			outputFileListPaths = (
			);
			outputPaths = (
				"$(DERIVED_FILE_DIR)/Pods-CCCanvas.Triangle.OC-checkManifestLockResult.txt",
			);
			runOnlyForDeploymentPostprocessing = 0;
			shellPath = /bin/sh;
			shellScript = "diff \"${PODS_PODFILE_DIR_PATH}/Podfile.lock\" \"${PODS_ROOT}/Manifest.lock\" > /dev/null\nif [ $? != 0 ] ; then\n    # print error to STDERR\n    echo \"error: The sandbox is not in sync with the Podfile.lock. Run 'pod install' or update your CocoaPods installation.\" >&2\n    exit 1\nfi\n# This output is used by Xcode 'outputs' to avoid re-running this script phase.\necho \"SUCCESS\" > \"${SCRIPT_OUTPUT_FILE_0}\"\n";
			showEnvVarsInLog = 0;
		};
		971A0D33BA39FECBA0EE3FE8 /* [CP] Embed Pods Frameworks */ = {
			isa = PBXShellScriptBuildPhase;
			buildActionMask = 2147483647;
			files = (
			);
			inputFileListPaths = (
				"${PODS_ROOT}/Target Support Files/Pods-CCCanvas.Triangle.OC/Pods-CCCanvas.Triangle.OC-frameworks-${CONFIGURATION}-input-files.xcfilelist",
			);
			name = "[CP] Embed Pods Frameworks";
			outputFileListPaths = (
				"${PODS_ROOT}/Target Support Files/Pods-CCCanvas.Triangle.OC/Pods-CCCanvas.Triangle.OC-frameworks-${CONFIGURATION}-output-files.xcfilelist",
			);
			runOnlyForDeploymentPostprocessing = 0;
			shellPath = /bin/sh;
			shellScript = "\"${PODS_ROOT}/Target Support Files/Pods-CCCanvas.Triangle.OC/Pods-CCCanvas.Triangle.OC-frameworks.sh\"\n";
			showEnvVarsInLog = 0;
		};
/* End PBXShellScriptBuildPhase section */

/* Begin PBXSourcesBuildPhase section */
		4294EBAB26C79FC900E420D7 /* Sources */ = {
			isa = PBXSourcesBuildPhase;
			buildActionMask = 2147483647;
			files = (
				4294EBBA26C79FC900E420D7 /* ViewController.m in Sources */,
				4294EBB426C79FC900E420D7 /* AppDelegate.m in Sources */,
				4294EBC526C79FCA00E420D7 /* main.m in Sources */,
				4294EBB726C79FC900E420D7 /* SceneDelegate.m in Sources */,
			);
			runOnlyForDeploymentPostprocessing = 0;
		};
/* End PBXSourcesBuildPhase section */

/* Begin PBXVariantGroup section */
		4294EBBB26C79FC900E420D7 /* Main.storyboard */ = {
			isa = PBXVariantGroup;
			children = (
				4294EBBC26C79FC900E420D7 /* Base */,
			);
			name = Main.storyboard;
			sourceTree = "<group>";
		};
		4294EBC026C79FCA00E420D7 /* LaunchScreen.storyboard */ = {
			isa = PBXVariantGroup;
			children = (
				4294EBC126C79FCA00E420D7 /* Base */,
			);
			name = LaunchScreen.storyboard;
			sourceTree = "<group>";
		};
/* End PBXVariantGroup section */

/* Begin XCBuildConfiguration section */
		4294EBC626C79FCA00E420D7 /* Debug */ = {
			isa = XCBuildConfiguration;
			buildSettings = {
				ALWAYS_SEARCH_USER_PATHS = NO;
				CLANG_ANALYZER_NONNULL = YES;
				CLANG_ANALYZER_NUMBER_OBJECT_CONVERSION = YES_AGGRESSIVE;
				CLANG_CXX_LANGUAGE_STANDARD = "gnu++14";
				CLANG_CXX_LIBRARY = "libc++";
				CLANG_ENABLE_MODULES = YES;
				CLANG_ENABLE_OBJC_ARC = YES;
				CLANG_ENABLE_OBJC_WEAK = YES;
				CLANG_WARN_BLOCK_CAPTURE_AUTORELEASING = YES;
				CLANG_WARN_BOOL_CONVERSION = YES;
				CLANG_WARN_COMMA = YES;
				CLANG_WARN_CONSTANT_CONVERSION = YES;
				CLANG_WARN_DEPRECATED_OBJC_IMPLEMENTATIONS = YES;
				CLANG_WARN_DIRECT_OBJC_ISA_USAGE = YES_ERROR;
				CLANG_WARN_DOCUMENTATION_COMMENTS = YES;
				CLANG_WARN_EMPTY_BODY = YES;
				CLANG_WARN_ENUM_CONVERSION = YES;
				CLANG_WARN_INFINITE_RECURSION = YES;
				CLANG_WARN_INT_CONVERSION = YES;
				CLANG_WARN_NON_LITERAL_NULL_CONVERSION = YES;
				CLANG_WARN_OBJC_IMPLICIT_RETAIN_SELF = YES;
				CLANG_WARN_OBJC_LITERAL_CONVERSION = YES;
				CLANG_WARN_OBJC_ROOT_CLASS = YES_ERROR;
				CLANG_WARN_QUOTED_INCLUDE_IN_FRAMEWORK_HEADER = YES;
				CLANG_WARN_RANGE_LOOP_ANALYSIS = YES;
				CLANG_WARN_STRICT_PROTOTYPES = YES;
				CLANG_WARN_SUSPICIOUS_MOVE = YES;
				CLANG_WARN_UNGUARDED_AVAILABILITY = YES_AGGRESSIVE;
				CLANG_WARN_UNREACHABLE_CODE = YES;
				CLANG_WARN__DUPLICATE_METHOD_MATCH = YES;
				COPY_PHASE_STRIP = NO;
				DEBUG_INFORMATION_FORMAT = dwarf;
				ENABLE_STRICT_OBJC_MSGSEND = YES;
				ENABLE_TESTABILITY = YES;
				GCC_C_LANGUAGE_STANDARD = gnu11;
				GCC_DYNAMIC_NO_PIC = NO;
				GCC_NO_COMMON_BLOCKS = YES;
				GCC_OPTIMIZATION_LEVEL = 0;
				GCC_PREPROCESSOR_DEFINITIONS = (
					"DEBUG=1",
					"$(inherited)",
				);
				GCC_WARN_64_TO_32_BIT_CONVERSION = YES;
				GCC_WARN_ABOUT_RETURN_TYPE = YES_ERROR;
				GCC_WARN_UNDECLARED_SELECTOR = YES;
				GCC_WARN_UNINITIALIZED_AUTOS = YES_AGGRESSIVE;
				GCC_WARN_UNUSED_FUNCTION = YES;
				GCC_WARN_UNUSED_VARIABLE = YES;
				IPHONEOS_DEPLOYMENT_TARGET = 15.0;
				MTL_ENABLE_DEBUG_INFO = INCLUDE_SOURCE;
				MTL_FAST_MATH = YES;
				ONLY_ACTIVE_ARCH = YES;
				SDKROOT = iphoneos;
			};
			name = Debug;
		};
		4294EBC726C79FCA00E420D7 /* Release */ = {
			isa = XCBuildConfiguration;
			buildSettings = {
				ALWAYS_SEARCH_USER_PATHS = NO;
				CLANG_ANALYZER_NONNULL = YES;
				CLANG_ANALYZER_NUMBER_OBJECT_CONVERSION = YES_AGGRESSIVE;
				CLANG_CXX_LANGUAGE_STANDARD = "gnu++14";
				CLANG_CXX_LIBRARY = "libc++";
				CLANG_ENABLE_MODULES = YES;
				CLANG_ENABLE_OBJC_ARC = YES;
				CLANG_ENABLE_OBJC_WEAK = YES;
				CLANG_WARN_BLOCK_CAPTURE_AUTORELEASING = YES;
				CLANG_WARN_BOOL_CONVERSION = YES;
				CLANG_WARN_COMMA = YES;
				CLANG_WARN_CONSTANT_CONVERSION = YES;
				CLANG_WARN_DEPRECATED_OBJC_IMPLEMENTATIONS = YES;
				CLANG_WARN_DIRECT_OBJC_ISA_USAGE = YES_ERROR;
				CLANG_WARN_DOCUMENTATION_COMMENTS = YES;
				CLANG_WARN_EMPTY_BODY = YES;
				CLANG_WARN_ENUM_CONVERSION = YES;
				CLANG_WARN_INFINITE_RECURSION = YES;
				CLANG_WARN_INT_CONVERSION = YES;
				CLANG_WARN_NON_LITERAL_NULL_CONVERSION = YES;
				CLANG_WARN_OBJC_IMPLICIT_RETAIN_SELF = YES;
				CLANG_WARN_OBJC_LITERAL_CONVERSION = YES;
				CLANG_WARN_OBJC_ROOT_CLASS = YES_ERROR;
				CLANG_WARN_QUOTED_INCLUDE_IN_FRAMEWORK_HEADER = YES;
				CLANG_WARN_RANGE_LOOP_ANALYSIS = YES;
				CLANG_WARN_STRICT_PROTOTYPES = YES;
				CLANG_WARN_SUSPICIOUS_MOVE = YES;
				CLANG_WARN_UNGUARDED_AVAILABILITY = YES_AGGRESSIVE;
				CLANG_WARN_UNREACHABLE_CODE = YES;
				CLANG_WARN__DUPLICATE_METHOD_MATCH = YES;
				COPY_PHASE_STRIP = NO;
				DEBUG_INFORMATION_FORMAT = "dwarf-with-dsym";
				ENABLE_NS_ASSERTIONS = NO;
				ENABLE_STRICT_OBJC_MSGSEND = YES;
				GCC_C_LANGUAGE_STANDARD = gnu11;
				GCC_NO_COMMON_BLOCKS = YES;
				GCC_WARN_64_TO_32_BIT_CONVERSION = YES;
				GCC_WARN_ABOUT_RETURN_TYPE = YES_ERROR;
				GCC_WARN_UNDECLARED_SELECTOR = YES;
				GCC_WARN_UNINITIALIZED_AUTOS = YES_AGGRESSIVE;
				GCC_WARN_UNUSED_FUNCTION = YES;
				GCC_WARN_UNUSED_VARIABLE = YES;
				IPHONEOS_DEPLOYMENT_TARGET = 15.0;
				MTL_ENABLE_DEBUG_INFO = NO;
				MTL_FAST_MATH = YES;
				SDKROOT = iphoneos;
				VALIDATE_PRODUCT = YES;
			};
			name = Release;
		};
		4294EBC926C79FCA00E420D7 /* Debug */ = {
			isa = XCBuildConfiguration;
			baseConfigurationReference = DA8EE8D26D3C0458BE12306E /* Pods-CCCanvas.Triangle.OC.debug.xcconfig */;
			buildSettings = {
				ASSETCATALOG_COMPILER_APPICON_NAME = AppIcon;
				ASSETCATALOG_COMPILER_GLOBAL_ACCENT_COLOR_NAME = AccentColor;
				CODE_SIGN_STYLE = Automatic;
				CURRENT_PROJECT_VERSION = 1;
				GENERATE_INFOPLIST_FILE = YES;
				INFOPLIST_FILE = CCCanvas.Triangle.OC/Info.plist;
				INFOPLIST_KEY_UIApplicationSupportsIndirectInputEvents = YES;
				INFOPLIST_KEY_UILaunchStoryboardName = LaunchScreen;
				INFOPLIST_KEY_UIMainStoryboardFile = Main;
				INFOPLIST_KEY_UISupportedInterfaceOrientations_iPad = "UIInterfaceOrientationPortrait UIInterfaceOrientationPortraitUpsideDown UIInterfaceOrientationLandscapeLeft UIInterfaceOrientationLandscapeRight";
				INFOPLIST_KEY_UISupportedInterfaceOrientations_iPhone = "UIInterfaceOrientationPortrait UIInterfaceOrientationLandscapeLeft UIInterfaceOrientationLandscapeRight";
				LD_RUNPATH_SEARCH_PATHS = (
					"$(inherited)",
					"@executable_path/Frameworks",
				);
				MARKETING_VERSION = 1.0;
				PRODUCT_BUNDLE_IDENTIFIER = "com.cc.CCCanvas-Triangle-OC";
				PRODUCT_NAME = "$(TARGET_NAME)";
				SWIFT_EMIT_LOC_STRINGS = YES;
				TARGETED_DEVICE_FAMILY = "1,2";
			};
			name = Debug;
		};
		4294EBCA26C79FCA00E420D7 /* Release */ = {
			isa = XCBuildConfiguration;
			baseConfigurationReference = 3C58EF11588228389444A85C /* Pods-CCCanvas.Triangle.OC.release.xcconfig */;
			buildSettings = {
				ASSETCATALOG_COMPILER_APPICON_NAME = AppIcon;
				ASSETCATALOG_COMPILER_GLOBAL_ACCENT_COLOR_NAME = AccentColor;
				CODE_SIGN_STYLE = Automatic;
				CURRENT_PROJECT_VERSION = 1;
				GENERATE_INFOPLIST_FILE = YES;
				INFOPLIST_FILE = CCCanvas.Triangle.OC/Info.plist;
				INFOPLIST_KEY_UIApplicationSupportsIndirectInputEvents = YES;
				INFOPLIST_KEY_UILaunchStoryboardName = LaunchScreen;
				INFOPLIST_KEY_UIMainStoryboardFile = Main;
				INFOPLIST_KEY_UISupportedInterfaceOrientations_iPad = "UIInterfaceOrientationPortrait UIInterfaceOrientationPortraitUpsideDown UIInterfaceOrientationLandscapeLeft UIInterfaceOrientationLandscapeRight";
				INFOPLIST_KEY_UISupportedInterfaceOrientations_iPhone = "UIInterfaceOrientationPortrait UIInterfaceOrientationLandscapeLeft UIInterfaceOrientationLandscapeRight";
				LD_RUNPATH_SEARCH_PATHS = (
					"$(inherited)",
					"@executable_path/Frameworks",
				);
				MARKETING_VERSION = 1.0;
				PRODUCT_BUNDLE_IDENTIFIER = "com.cc.CCCanvas-Triangle-OC";
				PRODUCT_NAME = "$(TARGET_NAME)";
				SWIFT_EMIT_LOC_STRINGS = YES;
				TARGETED_DEVICE_FAMILY = "1,2";
			};
			name = Release;
		};
/* End XCBuildConfiguration section */

/* Begin XCConfigurationList section */
		4294EBAA26C79FC900E420D7 /* Build configuration list for PBXProject "CCCanvas.Triangle.OC" */ = {
			isa = XCConfigurationList;
			buildConfigurations = (
				4294EBC626C79FCA00E420D7 /* Debug */,
				4294EBC726C79FCA00E420D7 /* Release */,
			);
			defaultConfigurationIsVisible = 0;
			defaultConfigurationName = Release;
		};
		4294EBC826C79FCA00E420D7 /* Build configuration list for PBXNativeTarget "CCCanvas.Triangle.OC" */ = {
			isa = XCConfigurationList;
			buildConfigurations = (
				4294EBC926C79FCA00E420D7 /* Debug */,
				4294EBCA26C79FCA00E420D7 /* Release */,
			);
			defaultConfigurationIsVisible = 0;
			defaultConfigurationName = Release;
		};
/* End XCConfigurationList section */
	};
	rootObject = 4294EBA726C79FC900E420D7 /* Project object */;
}
